
Microsoft Visual Studio Solution File, Format Version 12.00
# Visual Studio Version 16
VisualStudioVersion = 16.0.31313.79
MinimumVisualStudioVersion = 10.0.40219.1
Project("{FAE04EC0-301F-11D3-BF4B-00C04F79EFBC}") = "GraphicsLab5", "GraphicsLab5.csproj", "{8A20AA9A-5FD1-4E62-BF66-4189283D9EFB}"
EndProject
Global
	GlobalSection(SolutionConfigurationPlatforms) = preSolution
		Debug|Any CPU = Debug|Any CPU
		Release|Any CPU = Release|Any CPU
	EndGlobalSection
	GlobalSection(ProjectConfigurationPlatforms) = postSolution
		{8A20AA9A-5FD1-4E62-BF66-4189283D9EFB}.Debug|Any CPU.ActiveCfg = Debug|Any CPU
		{8A20AA9A-5FD1-4E62-BF66-4189283D9EFB}.Debug|Any CPU.Build.0 = Debug|Any CPU
		{8A20AA9A-5FD1-4E62-BF66-4189283D9EFB}.Release|Any CPU.ActiveCfg = Release|Any CPU
		{8A20AA9A-5FD1-4E62-BF66-4189283D9EFB}.Release|Any CPU.Build.0 = Release|Any CPU
	EndGlobalSection
	GlobalSection(SolutionProperties) = preSolution
		HideSolutionNode = FALSE
	EndGlobalSection
	GlobalSection(ExtensibilityGlobals) = postSolution
		SolutionGuid = {882AF4CF-6408-4A52-A238-90C18678E8C5}
	EndGlobalSection
EndGlobal
